<?xml version="1.0" encoding="utf-8"?>
<Project ToolsVersion="4.0" xmlns="http://schemas.microsoft.com/developer/msbuild/2003">
  <ItemGroup>
    <Filter Include="Файлы заголовков">
      <UniqueIdentifier>{93995380-89BD-4b04-88EB-625FBE52EBFB}</UniqueIdentifier>
      <Extensions>h;hh;hpp;hxx;hm;inl;inc;xsd</Extensions>
    </Filter>
    <Filter Include="Файлы ресурсов">
      <UniqueIdentifier>{67DA6AB6-F800-4c08-8B7A-83BB121AAD01}</UniqueIdentifier>
      <Extensions>rc;ico;cur;bmp;dlg;rc2;rct;bin;rgs;gif;jpg;jpeg;jpe;resx;tiff;tif;png;wav;mfcribbon-ms</Extensions>
    </Filter>
    <Filter Include="Исходные файлы">
      <UniqueIdentifier>{4FC737F1-C7A5-4376-A066-2A32D752A2FF}</UniqueIdentifier>
      <Extensions>cpp;c;cc;cxx;def;odl;idl;hpj;bat;asm;asmx</Extensions>
    </Filter>
    <Filter Include="Файлы заголовков\constexpr protection">
      <UniqueIdentifier>{6c433341-e822-408c-a313-ff728cba882c}</UniqueIdentifier>
    </Filter>
    <Filter Include="Файлы заголовков\Reflective Loader">
      <UniqueIdentifier>{dbfa523a-ee8c-4466-891d-a1cc84913819}</UniqueIdentifier>
    </Filter>
    <Filter Include="Файлы заголовков\module protection">
      <UniqueIdentifier>{f6fb8a8c-9033-49c1-8c5d-c4959a407b14}</UniqueIdentifier>
    </Filter>
    <Filter Include="Файлы заголовков\ValveSDK">
      <UniqueIdentifier>{eef8337d-fd78-4915-afd4-3fabc4147bb7}</UniqueIdentifier>
    </Filter>
    <Filter Include="Файлы заголовков\ValveSDK\common">
      <UniqueIdentifier>{a0068d30-8cb3-44ca-8077-0ef98479ec50}</UniqueIdentifier>
    </Filter>
    <Filter Include="Файлы заголовков\ValveSDK\engine">
      <UniqueIdentifier>{b75884b2-3264-49bc-831c-258d2747aaf9}</UniqueIdentifier>
    </Filter>
    <Filter Include="Файлы заголовков\ValveSDK\pm_shared">
      <UniqueIdentifier>{41d636a9-3fac-46ae-b2e7-f8b54dbd1824}</UniqueIdentifier>
    </Filter>
  </ItemGroup>
  <ItemGroup>
    <ClCompile Include="dllmain.cpp">
      <Filter>Исходные файлы</Filter>
    </ClCompile>
    <ClCompile Include="Reflective Loader\ReflectiveLoader.c">
      <Filter>Файлы заголовков\Reflective Loader</Filter>
    </ClCompile>
    <ClCompile Include="Vector.cpp">
      <Filter>Исходные файлы</Filter>
    </ClCompile>
    <ClCompile Include="QAngle.cpp">
      <Filter>Исходные файлы</Filter>
    </ClCompile>
    <ClCompile Include="ValveSDK\common\interface.cpp">
      <Filter>Файлы заголовков\ValveSDK\common</Filter>
    </ClCompile>
    <ClCompile Include="ValveSDK\parsemsg.cpp">
      <Filter>Файлы заголовков\ValveSDK</Filter>
    </ClCompile>
    <ClCompile Include="client.cpp">
      <Filter>Исходные файлы</Filter>
    </ClCompile>
    <ClCompile Include="usermsg.cpp">
      <Filter>Исходные файлы</Filter>
    </ClCompile>
    <ClCompile Include="offsets.cpp">
      <Filter>Исходные файлы</Filter>
    </ClCompile>
    <ClCompile Include="opengl.cpp">
      <Filter>Исходные файлы</Filter>
    </ClCompile>
  </ItemGroup>
  <ItemGroup>
    <ClInclude Include="main.h">
      <Filter>Файлы заголовков</Filter>
    </ClInclude>
    <ClInclude Include="constexpr protection\cx_fnv1.h">
      <Filter>Файлы заголовков\constexpr protection</Filter>
    </ClInclude>
    <ClInclude Include="constexpr protection\cx_pcg32.h">
      <Filter>Файлы заголовков\constexpr protection</Filter>
    </ClInclude>
    <ClInclude Include="constexpr protection\cx_strenc.h">
      <Filter>Файлы заголовков\constexpr protection</Filter>
    </ClInclude>
    <ClInclude Include="Reflective Loader\ReflectiveDLLInjection.h">
      <Filter>Файлы заголовков\Reflective Loader</Filter>
    </ClInclude>
    <ClInclude Include="Reflective Loader\ReflectiveLoader.h">
      <Filter>Файлы заголовков\Reflective Loader</Filter>
    </ClInclude>
    <ClInclude Include="module protection\PEB.h">
      <Filter>Файлы заголовков\module protection</Filter>
    </ClInclude>
    <ClInclude Include="QAngle.h">
      <Filter>Файлы заголовков</Filter>
    </ClInclude>
    <ClInclude Include="Vector.h">
      <Filter>Файлы заголовков</Filter>
    </ClInclude>
    <ClInclude Include="ValveSDK\common\beamdef.h">
      <Filter>Файлы заголовков\ValveSDK\common</Filter>
    </ClInclude>
    <ClInclude Include="ValveSDK\common\cl_dll.h">
      <Filter>Файлы заголовков\ValveSDK\common</Filter>
    </ClInclude>
    <ClInclude Include="ValveSDK\common\cl_entity.h">
      <Filter>Файлы заголовков\ValveSDK\common</Filter>
    </ClInclude>
    <ClInclude Include="ValveSDK\common\com_model.h">
      <Filter>Файлы заголовков\ValveSDK\common</Filter>
    </ClInclude>
    <ClInclude Include="ValveSDK\common\con_nprint.h">
      <Filter>Файлы заголовков\ValveSDK\common</Filter>
    </ClInclude>
    <ClInclude Include="ValveSDK\common\const.h">
      <Filter>Файлы заголовков\ValveSDK\common</Filter>
    </ClInclude>
    <ClInclude Include="ValveSDK\common\crc.h">
      <Filter>Файлы заголовков\ValveSDK\common</Filter>
    </ClInclude>
    <ClInclude Include="ValveSDK\common\cvardef.h">
      <Filter>Файлы заголовков\ValveSDK\common</Filter>
    </ClInclude>
    <ClInclude Include="ValveSDK\common\demo_api.h">
      <Filter>Файлы заголовков\ValveSDK\common</Filter>
    </ClInclude>
    <ClInclude Include="ValveSDK\common\director_cmds.h">
      <Filter>Файлы заголовков\ValveSDK\common</Filter>
    </ClInclude>
    <ClInclude Include="ValveSDK\common\dlight.h">
      <Filter>Файлы заголовков\ValveSDK\common</Filter>
    </ClInclude>
    <ClInclude Include="ValveSDK\common\dll_state.h">
      <Filter>Файлы заголовков\ValveSDK\common</Filter>
    </ClInclude>
    <ClInclude Include="ValveSDK\common\engine_launcher_api.h">
      <Filter>Файлы заголовков\ValveSDK\common</Filter>
    </ClInclude>
    <ClInclude Include="ValveSDK\common\entity_state.h">
      <Filter>Файлы заголовков\ValveSDK\common</Filter>
    </ClInclude>
    <ClInclude Include="ValveSDK\common\entity_types.h">
      <Filter>Файлы заголовков\ValveSDK\common</Filter>
    </ClInclude>
    <ClInclude Include="ValveSDK\common\event_api.h">
      <Filter>Файлы заголовков\ValveSDK\common</Filter>
    </ClInclude>
    <ClInclude Include="ValveSDK\common\event_args.h">
      <Filter>Файлы заголовков\ValveSDK\common</Filter>
    </ClInclude>
    <ClInclude Include="ValveSDK\common\event_flags.h">
      <Filter>Файлы заголовков\ValveSDK\common</Filter>
    </ClInclude>
    <ClInclude Include="ValveSDK\common\exefuncs.h">
      <Filter>Файлы заголовков\ValveSDK\common</Filter>
    </ClInclude>
    <ClInclude Include="ValveSDK\common\hltv.h">
      <Filter>Файлы заголовков\ValveSDK\common</Filter>
    </ClInclude>
    <ClInclude Include="ValveSDK\common\in_buttons.h">
      <Filter>Файлы заголовков\ValveSDK\common</Filter>
    </ClInclude>
    <ClInclude Include="ValveSDK\common\interface.h">
      <Filter>Файлы заголовков\ValveSDK\common</Filter>
    </ClInclude>
    <ClInclude Include="ValveSDK\common\ivoicetweak.h">
      <Filter>Файлы заголовков\ValveSDK\common</Filter>
    </ClInclude>
    <ClInclude Include="ValveSDK\common\mathlib.h">
      <Filter>Файлы заголовков\ValveSDK\common</Filter>
    </ClInclude>
    <ClInclude Include="ValveSDK\common\net_api.h">
      <Filter>Файлы заголовков\ValveSDK\common</Filter>
    </ClInclude>
    <ClInclude Include="ValveSDK\common\netadr.h">
      <Filter>Файлы заголовков\ValveSDK\common</Filter>
    </ClInclude>
    <ClInclude Include="ValveSDK\common\nowin.h">
      <Filter>Файлы заголовков\ValveSDK\common</Filter>
    </ClInclude>
    <ClInclude Include="ValveSDK\common\particledef.h">
      <Filter>Файлы заголовков\ValveSDK\common</Filter>
    </ClInclude>
    <ClInclude Include="ValveSDK\common\pmtrace.h">
      <Filter>Файлы заголовков\ValveSDK\common</Filter>
    </ClInclude>
    <ClInclude Include="ValveSDK\common\qfont.h">
      <Filter>Файлы заголовков\ValveSDK\common</Filter>
    </ClInclude>
    <ClInclude Include="ValveSDK\common\r_efx.h">
      <Filter>Файлы заголовков\ValveSDK\common</Filter>
    </ClInclude>
    <ClInclude Include="ValveSDK\common\r_studioint.h">
      <Filter>Файлы заголовков\ValveSDK\common</Filter>
    </ClInclude>
    <ClInclude Include="ValveSDK\common\ref_params.h">
      <Filter>Файлы заголовков\ValveSDK\common</Filter>
    </ClInclude>
    <ClInclude Include="ValveSDK\common\screenfade.h">
      <Filter>Файлы заголовков\ValveSDK\common</Filter>
    </ClInclude>
    <ClInclude Include="ValveSDK\common\studio_event.h">
      <Filter>Файлы заголовков\ValveSDK\common</Filter>
    </ClInclude>
    <ClInclude Include="ValveSDK\common\triangleapi.h">
      <Filter>Файлы заголовков\ValveSDK\common</Filter>
    </ClInclude>
    <ClInclude Include="ValveSDK\common\usercmd.h">
      <Filter>Файлы заголовков\ValveSDK\common</Filter>
    </ClInclude>
    <ClInclude Include="ValveSDK\common\weaponinfo.h">
      <Filter>Файлы заголовков\ValveSDK\common</Filter>
    </ClInclude>
    <ClInclude Include="ValveSDK\common\wrect.h">
      <Filter>Файлы заголовков\ValveSDK\common</Filter>
    </ClInclude>
    <ClInclude Include="ValveSDK\engine\anorms.h">
      <Filter>Файлы заголовков\ValveSDK\engine</Filter>
    </ClInclude>
    <ClInclude Include="ValveSDK\engine\cdll_int.h">
      <Filter>Файлы заголовков\ValveSDK\engine</Filter>
    </ClInclude>
    <ClInclude Include="ValveSDK\engine\custom.h">
      <Filter>Файлы заголовков\ValveSDK\engine</Filter>
    </ClInclude>
    <ClInclude Include="ValveSDK\engine\customentity.h">
      <Filter>Файлы заголовков\ValveSDK\engine</Filter>
    </ClInclude>
    <ClInclude Include="ValveSDK\engine\edict.h">
      <Filter>Файлы заголовков\ValveSDK\engine</Filter>
    </ClInclude>
    <ClInclude Include="ValveSDK\engine\eiface.h">
      <Filter>Файлы заголовков\ValveSDK\engine</Filter>
    </ClInclude>
    <ClInclude Include="ValveSDK\engine\keydefs.h">
      <Filter>Файлы заголовков\ValveSDK\engine</Filter>
    </ClInclude>
    <ClInclude Include="ValveSDK\engine\progdefs.h">
      <Filter>Файлы заголовков\ValveSDK\engine</Filter>
    </ClInclude>
    <ClInclude Include="ValveSDK\engine\progs.h">
      <Filter>Файлы заголовков\ValveSDK\engine</Filter>
    </ClInclude>
    <ClInclude Include="ValveSDK\engine\shake.h">
      <Filter>Файлы заголовков\ValveSDK\engine</Filter>
    </ClInclude>
    <ClInclude Include="ValveSDK\engine\studio.h">
      <Filter>Файлы заголовков\ValveSDK\engine</Filter>
    </ClInclude>
    <ClInclude Include="ValveSDK\parsemsg.h">
      <Filter>Файлы заголовков\ValveSDK</Filter>
    </ClInclude>
    <ClInclude Include="ValveSDK\pm_shared\pm_debug.h">
      <Filter>Файлы заголовков\ValveSDK\pm_shared</Filter>
    </ClInclude>
    <ClInclude Include="ValveSDK\pm_shared\pm_defs.h">
      <Filter>Файлы заголовков\ValveSDK\pm_shared</Filter>
    </ClInclude>
    <ClInclude Include="ValveSDK\pm_shared\pm_info.h">
      <Filter>Файлы заголовков\ValveSDK\pm_shared</Filter>
    </ClInclude>
    <ClInclude Include="ValveSDK\pm_shared\pm_materials.h">
      <Filter>Файлы заголовков\ValveSDK\pm_shared</Filter>
    </ClInclude>
    <ClInclude Include="ValveSDK\pm_shared\pm_movevars.h">
      <Filter>Файлы заголовков\ValveSDK\pm_shared</Filter>
    </ClInclude>
    <ClInclude Include="ValveSDK\pm_shared\pm_shared.h">
      <Filter>Файлы заголовков\ValveSDK\pm_shared</Filter>
    </ClInclude>
    <ClInclude Include="client.h">
      <Filter>Файлы заголовков</Filter>
    </ClInclude>
    <ClInclude Include="struct.h">
      <Filter>Файлы заголовков</Filter>
    </ClInclude>
    <ClInclude Include="usermsg.h">
      <Filter>Файлы заголовков</Filter>
    </ClInclude>
    <ClInclude Include="offsets.h">
      <Filter>Файлы заголовков</Filter>
    </ClInclude>
    <ClInclude Include="opengl.h">
      <Filter>Файлы заголовков</Filter>
    </ClInclude>
    <ClInclude Include="detours.h">
      <Filter>Файлы заголовков</Filter>
    </ClInclude>
  </ItemGroup>
</Project>